
Microsoft Visual Studio Solution File, Format Version 12.00
# Visual Studio 14
VisualStudioVersion = 14.0.25420.1
MinimumVisualStudioVersion = 10.0.40219.1
Project("{FAE04EC0-301F-11D3-BF4B-00C04F79EFBC}") = "mapseesharp", "mapseesharp\mapseesharp.csproj", "{3F984DC2-C507-4E9A-BEFE-68B88CAAE54D}"
EndProject
Project("{FAE04EC0-301F-11D3-BF4B-00C04F79EFBC}") = "MapUI", "MapUI\MapUI.csproj", "{F56EEEF8-B3BD-4685-9F69-BEBCEFF14097}"
EndProject
Project("{FAE04EC0-301F-11D3-BF4B-00C04F79EFBC}") = "UnitTestMapseesharp", "UnitTestMapseesharp\UnitTestMapseesharp.csproj", "{C3000529-324F-4276-9F68-7AA5FE6E72CC}"
EndProject
Global
	GlobalSection(SolutionConfigurationPlatforms) = preSolution
		Debug|Any CPU = Debug|Any CPU
		Release|Any CPU = Release|Any CPU
	EndGlobalSection
	GlobalSection(ProjectConfigurationPlatforms) = postSolution
		{3F984DC2-C507-4E9A-BEFE-68B88CAAE54D}.Debug|Any CPU.ActiveCfg = Debug|Any CPU
		{3F984DC2-C507-4E9A-BEFE-68B88CAAE54D}.Debug|Any CPU.Build.0 = Debug|Any CPU
		{3F984DC2-C507-4E9A-BEFE-68B88CAAE54D}.Release|Any CPU.ActiveCfg = Release|Any CPU
		{3F984DC2-C507-4E9A-BEFE-68B88CAAE54D}.Release|Any CPU.Build.0 = Release|Any CPU
		{F56EEEF8-B3BD-4685-9F69-BEBCEFF14097}.Debug|Any CPU.ActiveCfg = Debug|Any CPU
		{F56EEEF8-B3BD-4685-9F69-BEBCEFF14097}.Debug|Any CPU.Build.0 = Debug|Any CPU
		{F56EEEF8-B3BD-4685-9F69-BEBCEFF14097}.Release|Any CPU.ActiveCfg = Release|Any CPU
		{F56EEEF8-B3BD-4685-9F69-BEBCEFF14097}.Release|Any CPU.Build.0 = Release|Any CPU
		{C3000529-324F-4276-9F68-7AA5FE6E72CC}.Debug|Any CPU.ActiveCfg = Debug|Any CPU
		{C3000529-324F-4276-9F68-7AA5FE6E72CC}.Debug|Any CPU.Build.0 = Debug|Any CPU
		{C3000529-324F-4276-9F68-7AA5FE6E72CC}.Release|Any CPU.ActiveCfg = Release|Any CPU
		{C3000529-324F-4276-9F68-7AA5FE6E72CC}.Release|Any CPU.Build.0 = Release|Any CPU
	EndGlobalSection
	GlobalSection(SolutionProperties) = preSolution
		HideSolutionNode = FALSE
	EndGlobalSection
EndGlobal
